
Microsoft Visual Studio Solution File, Format Version 12.00
# Visual Studio 15
VisualStudioVersion = 15.0.27004.2002
MinimumVisualStudioVersion = 10.0.40219.1
Project("{FAE04EC0-301F-11D3-BF4B-00C04F79EFBC}") = "NoteBook.Domain", "NoteBook.Domain\NoteBook.Domain.csproj", "{0759902B-FC35-435C-A6A9-7B3E877165F2}"
EndProject
Project("{FAE04EC0-301F-11D3-BF4B-00C04F79EFBC}") = "NoteBook.Web", "NoteBook.Web\NoteBook.Web.csproj", "{AF057434-2887-4E0C-B30A-AA954311E767}"
EndProject
Global
	GlobalSection(SolutionConfigurationPlatforms) = preSolution
		Debug|Any CPU = Debug|Any CPU
		Release|Any CPU = Release|Any CPU
	EndGlobalSection
	GlobalSection(ProjectConfigurationPlatforms) = postSolution
		{0759902B-FC35-435C-A6A9-7B3E877165F2}.Debug|Any CPU.ActiveCfg = Debug|Any CPU
		{0759902B-FC35-435C-A6A9-7B3E877165F2}.Debug|Any CPU.Build.0 = Debug|Any CPU
		{0759902B-FC35-435C-A6A9-7B3E877165F2}.Release|Any CPU.ActiveCfg = Release|Any CPU
		{0759902B-FC35-435C-A6A9-7B3E877165F2}.Release|Any CPU.Build.0 = Release|Any CPU
		{AF057434-2887-4E0C-B30A-AA954311E767}.Debug|Any CPU.ActiveCfg = Debug|Any CPU
		{AF057434-2887-4E0C-B30A-AA954311E767}.Debug|Any CPU.Build.0 = Debug|Any CPU
		{AF057434-2887-4E0C-B30A-AA954311E767}.Release|Any CPU.ActiveCfg = Release|Any CPU
		{AF057434-2887-4E0C-B30A-AA954311E767}.Release|Any CPU.Build.0 = Release|Any CPU
	EndGlobalSection
	GlobalSection(SolutionProperties) = preSolution
		HideSolutionNode = FALSE
	EndGlobalSection
	GlobalSection(ExtensibilityGlobals) = postSolution
		SolutionGuid = {E4C9AEAF-084B-4495-ABE2-B330D932F9E8}
	EndGlobalSection
EndGlobal
